// !$*UTF8*$!
{
	archiveVersion = 1;
	classes = {
	};
	objectVersion = 56;
	objects = {

/* Begin PBXBuildFile section */
		204BCAF12B052C7A00153937 /* AppDelegate.swift in Sources */ = {isa = PBXBuildFile; fileRef = 204BCAF02B052C7A00153937 /* AppDelegate.swift */; };
		204BCAF32B052C7A00153937 /* SceneDelegate.swift in Sources */ = {isa = PBXBuildFile; fileRef = 204BCAF22B052C7A00153937 /* SceneDelegate.swift */; };
		204BCAF52B052C7A00153937 /* ViewController.swift in Sources */ = {isa = PBXBuildFile; fileRef = 204BCAF42B052C7A00153937 /* ViewController.swift */; };
		204BCAF82B052C7A00153937 /* Main.storyboard in Resources */ = {isa = PBXBuildFile; fileRef = 204BCAF62B052C7A00153937 /* Main.storyboard */; };
		204BCAFA2B052C7B00153937 /* Assets.xcassets in Resources */ = {isa = PBXBuildFile; fileRef = 204BCAF92B052C7B00153937 /* Assets.xcassets */; };
		204BCAFD2B052C7B00153937 /* LaunchScreen.storyboard in Resources */ = {isa = PBXBuildFile; fileRef = 204BCAFB2B052C7B00153937 /* LaunchScreen.storyboard */; };
		800E0B24928F938ACB3E58B6 /* Pods_iOS_Straightforward.framework in Frameworks */ = {isa = PBXBuildFile; fileRef = 328E4D54439D0279FF3B7CF4 /* Pods_iOS_Straightforward.framework */; };
/* End PBXBuildFile section */

/* Begin PBXFileReference section */
		1496F103179B0D5302D059D2 /* Pods-iOS-Straightforward.release.xcconfig */ = {isa = PBXFileReference; includeInIndex = 1; lastKnownFileType = text.xcconfig; name = "Pods-iOS-Straightforward.release.xcconfig"; path = "Target Support Files/Pods-iOS-Straightforward/Pods-iOS-Straightforward.release.xcconfig"; sourceTree = "<group>"; };
		204BCAED2B052C7A00153937 /* iOS-Straightforward.app */ = {isa = PBXFileReference; explicitFileType = wrapper.application; includeInIndex = 0; path = "iOS-Straightforward.app"; sourceTree = BUILT_PRODUCTS_DIR; };
		204BCAF02B052C7A00153937 /* AppDelegate.swift */ = {isa = PBXFileReference; lastKnownFileType = sourcecode.swift; path = AppDelegate.swift; sourceTree = "<group>"; };
		204BCAF22B052C7A00153937 /* SceneDelegate.swift */ = {isa = PBXFileReference; lastKnownFileType = sourcecode.swift; path = SceneDelegate.swift; sourceTree = "<group>"; };
		204BCAF42B052C7A00153937 /* ViewController.swift */ = {isa = PBXFileReference; lastKnownFileType = sourcecode.swift; path = ViewController.swift; sourceTree = "<group>"; };
		204BCAF72B052C7A00153937 /* Base */ = {isa = PBXFileReference; lastKnownFileType = file.storyboard; name = Base; path = Base.lproj/Main.storyboard; sourceTree = "<group>"; };
		204BCAF92B052C7B00153937 /* Assets.xcassets */ = {isa = PBXFileReference; lastKnownFileType = folder.assetcatalog; path = Assets.xcassets; sourceTree = "<group>"; };
		204BCAFC2B052C7B00153937 /* Base */ = {isa = PBXFileReference; lastKnownFileType = file.storyboard; name = Base; path = Base.lproj/LaunchScreen.storyboard; sourceTree = "<group>"; };
		204BCAFE2B052C7B00153937 /* Info.plist */ = {isa = PBXFileReference; lastKnownFileType = text.plist.xml; path = Info.plist; sourceTree = "<group>"; };
		328E4D54439D0279FF3B7CF4 /* Pods_iOS_Straightforward.framework */ = {isa = PBXFileReference; explicitFileType = wrapper.framework; includeInIndex = 0; path = Pods_iOS_Straightforward.framework; sourceTree = BUILT_PRODUCTS_DIR; };
		F7AB55537342F715F9950E59 /* Pods-iOS-Straightforward.debug.xcconfig */ = {isa = PBXFileReference; includeInIndex = 1; lastKnownFileType = text.xcconfig; name = "Pods-iOS-Straightforward.debug.xcconfig"; path = "Target Support Files/Pods-iOS-Straightforward/Pods-iOS-Straightforward.debug.xcconfig"; sourceTree = "<group>"; };
/* End PBXFileReference section */

/* Begin PBXFrameworksBuildPhase section */
		204BCAEA2B052C7A00153937 /* Frameworks */ = {
			isa = PBXFrameworksBuildPhase;
			buildActionMask = 2147483647;
			files = (
				800E0B24928F938ACB3E58B6 /* Pods_iOS_Straightforward.framework in Frameworks */,
			);
			runOnlyForDeploymentPostprocessing = 0;
		};
/* End PBXFrameworksBuildPhase section */

/* Begin PBXGroup section */
		204BCAE42B052C7A00153937 = {
			isa = PBXGroup;
			children = (
				204BCAEF2B052C7A00153937 /* iOS-Straightforward */,
				204BCAEE2B052C7A00153937 /* Products */,
				BDBDA1C068AC814148E04CE2 /* Pods */,
				AF8E7F6FAD2C209F3EC7596C /* Frameworks */,
			);
			sourceTree = "<group>";
		};
		204BCAEE2B052C7A00153937 /* Products */ = {
			isa = PBXGroup;
			children = (
				204BCAED2B052C7A00153937 /* iOS-Straightforward.app */,
			);
			name = Products;
			sourceTree = "<group>";
		};
		204BCAEF2B052C7A00153937 /* iOS-Straightforward */ = {
			isa = PBXGroup;
			children = (
				204BCAF02B052C7A00153937 /* AppDelegate.swift */,
				204BCAF22B052C7A00153937 /* SceneDelegate.swift */,
				204BCAF42B052C7A00153937 /* ViewController.swift */,
				204BCAF62B052C7A00153937 /* Main.storyboard */,
				204BCAF92B052C7B00153937 /* Assets.xcassets */,
				204BCAFB2B052C7B00153937 /* LaunchScreen.storyboard */,
				204BCAFE2B052C7B00153937 /* Info.plist */,
			);
			path = "iOS-Straightforward";
			sourceTree = "<group>";
		};
		AF8E7F6FAD2C209F3EC7596C /* Frameworks */ = {
			isa = PBXGroup;
			children = (
				328E4D54439D0279FF3B7CF4 /* Pods_iOS_Straightforward.framework */,
			);
			name = Frameworks;
			sourceTree = "<group>";
		};
		BDBDA1C068AC814148E04CE2 /* Pods */ = {
			isa = PBXGroup;
			children = (
				F7AB55537342F715F9950E59 /* Pods-iOS-Straightforward.debug.xcconfig */,
				1496F103179B0D5302D059D2 /* Pods-iOS-Straightforward.release.xcconfig */,
			);
			path = Pods;
			sourceTree = "<group>";
		};
/* End PBXGroup section */

/* Begin PBXNativeTarget section */
		204BCAEC2B052C7A00153937 /* iOS-Straightforward */ = {
			isa = PBXNativeTarget;
			buildConfigurationList = 204BCB012B052C7B00153937 /* Build configuration list for PBXNativeTarget "iOS-Straightforward" */;
			buildPhases = (
				1AFE2DA38BE59167E934D4DE /* [CP] Check Pods Manifest.lock */,
				204BCAE92B052C7A00153937 /* Sources */,
				204BCAEA2B052C7A00153937 /* Frameworks */,
				204BCAEB2B052C7A00153937 /* Resources */,
				BDC963EDA842E60E8FA5ED10 /* [CP] Embed Pods Frameworks */,
			);
			buildRules = (
			);
			dependencies = (
			);
			name = "iOS-Straightforward";
			productName = "iOS-Straightforward";
			productReference = 204BCAED2B052C7A00153937 /* iOS-Straightforward.app */;
			productType = "com.apple.product-type.application";
		};
/* End PBXNativeTarget section */

/* Begin PBXProject section */
		204BCAE52B052C7A00153937 /* Project object */ = {
			isa = PBXProject;
			attributes = {
				BuildIndependentTargetsInParallel = 1;
				LastSwiftUpdateCheck = 1500;
				LastUpgradeCheck = 1500;
				TargetAttributes = {
					204BCAEC2B052C7A00153937 = {
						CreatedOnToolsVersion = 15.0.1;
					};
				};
			};
			buildConfigurationList = 204BCAE82B052C7A00153937 /* Build configuration list for PBXProject "iOS-Straightforward" */;
			compatibilityVersion = "Xcode 14.0";
			developmentRegion = en;
			hasScannedForEncodings = 0;
			knownRegions = (
				en,
				Base,
			);
			mainGroup = 204BCAE42B052C7A00153937;
			productRefGroup = 204BCAEE2B052C7A00153937 /* Products */;
			projectDirPath = "";
			projectRoot = "";
			targets = (
				204BCAEC2B052C7A00153937 /* iOS-Straightforward */,
			);
		};
/* End PBXProject section */

/* Begin PBXResourcesBuildPhase section */
		204BCAEB2B052C7A00153937 /* Resources */ = {
			isa = PBXResourcesBuildPhase;
			buildActionMask = 2147483647;
			files = (
				204BCAFD2B052C7B00153937 /* LaunchScreen.storyboard in Resources */,
				204BCAFA2B052C7B00153937 /* Assets.xcassets in Resources */,
				204BCAF82B052C7A00153937 /* Main.storyboard in Resources */,
			);
			runOnlyForDeploymentPostprocessing = 0;
		};
/* End PBXResourcesBuildPhase section */

/* Begin PBXShellScriptBuildPhase section */
		1AFE2DA38BE59167E934D4DE /* [CP] Check Pods Manifest.lock */ = {
			isa = PBXShellScriptBuildPhase;
			buildActionMask = 2147483647;
			files = (
			);
			inputFileListPaths = (
			);
			inputPaths = (
				"${PODS_PODFILE_DIR_PATH}/Podfile.lock",
				"${PODS_ROOT}/Manifest.lock",
			);
			name = "[CP] Check Pods Manifest.lock";
			outputFileListPaths = (
			);
			outputPaths = (
				"$(DERIVED_FILE_DIR)/Pods-iOS-Straightforward-checkManifestLockResult.txt",
			);
			runOnlyForDeploymentPostprocessing = 0;
			shellPath = /bin/sh;
			shellScript = "diff \"${PODS_PODFILE_DIR_PATH}/Podfile.lock\" \"${PODS_ROOT}/Manifest.lock\" > /dev/null\nif [ $? != 0 ] ; then\n    # print error to STDERR\n    echo \"error: The sandbox is not in sync with the Podfile.lock. Run 'pod install' or update your CocoaPods installation.\" >&2\n    exit 1\nfi\n# This output is used by Xcode 'outputs' to avoid re-running this script phase.\necho \"SUCCESS\" > \"${SCRIPT_OUTPUT_FILE_0}\"\n";
			showEnvVarsInLog = 0;
		};
		BDC963EDA842E60E8FA5ED10 /* [CP] Embed Pods Frameworks */ = {
			isa = PBXShellScriptBuildPhase;
			buildActionMask = 2147483647;
			files = (
			);
			inputFileListPaths = (
				"${PODS_ROOT}/Target Support Files/Pods-iOS-Straightforward/Pods-iOS-Straightforward-frameworks-${CONFIGURATION}-input-files.xcfilelist",
			);
			name = "[CP] Embed Pods Frameworks";
			outputFileListPaths = (
				"${PODS_ROOT}/Target Support Files/Pods-iOS-Straightforward/Pods-iOS-Straightforward-frameworks-${CONFIGURATION}-output-files.xcfilelist",
			);
			runOnlyForDeploymentPostprocessing = 0;
			shellPath = /bin/sh;
			shellScript = "\"${PODS_ROOT}/Target Support Files/Pods-iOS-Straightforward/Pods-iOS-Straightforward-frameworks.sh\"\n";
			showEnvVarsInLog = 0;
		};
/* End PBXShellScriptBuildPhase section */

/* Begin PBXSourcesBuildPhase section */
		204BCAE92B052C7A00153937 /* Sources */ = {
			isa = PBXSourcesBuildPhase;
			buildActionMask = 2147483647;
			files = (
				204BCAF52B052C7A00153937 /* ViewController.swift in Sources */,
				204BCAF12B052C7A00153937 /* AppDelegate.swift in Sources */,
				204BCAF32B052C7A00153937 /* SceneDelegate.swift in Sources */,
			);
			runOnlyForDeploymentPostprocessing = 0;
		};
/* End PBXSourcesBuildPhase section */

/* Begin PBXVariantGroup section */
		204BCAF62B052C7A00153937 /* Main.storyboard */ = {
			isa = PBXVariantGroup;
			children = (
				204BCAF72B052C7A00153937 /* Base */,
			);
			name = Main.storyboard;
			sourceTree = "<group>";
		};
		204BCAFB2B052C7B00153937 /* LaunchScreen.storyboard */ = {
			isa = PBXVariantGroup;
			children = (
				204BCAFC2B052C7B00153937 /* Base */,
			);
			name = LaunchScreen.storyboard;
			sourceTree = "<group>";
		};
/* End PBXVariantGroup section */

/* Begin XCBuildConfiguration section */
		204BCAFF2B052C7B00153937 /* Debug */ = {
			isa = XCBuildConfiguration;
			buildSettings = {
				ALWAYS_SEARCH_USER_PATHS = NO;
				ASSETCATALOG_COMPILER_GENERATE_SWIFT_ASSET_SYMBOL_EXTENSIONS = YES;
				CLANG_ANALYZER_NONNULL = YES;
				CLANG_ANALYZER_NUMBER_OBJECT_CONVERSION = YES_AGGRESSIVE;
				CLANG_CXX_LANGUAGE_STANDARD = "gnu++20";
				CLANG_ENABLE_MODULES = YES;
				CLANG_ENABLE_OBJC_ARC = YES;
				CLANG_ENABLE_OBJC_WEAK = YES;
				CLANG_WARN_BLOCK_CAPTURE_AUTORELEASING = YES;
				CLANG_WARN_BOOL_CONVERSION = YES;
				CLANG_WARN_COMMA = YES;
				CLANG_WARN_CONSTANT_CONVERSION = YES;
				CLANG_WARN_DEPRECATED_OBJC_IMPLEMENTATIONS = YES;
				CLANG_WARN_DIRECT_OBJC_ISA_USAGE = YES_ERROR;
				CLANG_WARN_DOCUMENTATION_COMMENTS = YES;
				CLANG_WARN_EMPTY_BODY = YES;
				CLANG_WARN_ENUM_CONVERSION = YES;
				CLANG_WARN_INFINITE_RECURSION = YES;
				CLANG_WARN_INT_CONVERSION = YES;
				CLANG_WARN_NON_LITERAL_NULL_CONVERSION = YES;
				CLANG_WARN_OBJC_IMPLICIT_RETAIN_SELF = YES;
				CLANG_WARN_OBJC_LITERAL_CONVERSION = YES;
				CLANG_WARN_OBJC_ROOT_CLASS = YES_ERROR;
				CLANG_WARN_QUOTED_INCLUDE_IN_FRAMEWORK_HEADER = YES;
				CLANG_WARN_RANGE_LOOP_ANALYSIS = YES;
				CLANG_WARN_STRICT_PROTOTYPES = YES;
				CLANG_WARN_SUSPICIOUS_MOVE = YES;
				CLANG_WARN_UNGUARDED_AVAILABILITY = YES_AGGRESSIVE;
				CLANG_WARN_UNREACHABLE_CODE = YES;
				CLANG_WARN__DUPLICATE_METHOD_MATCH = YES;
				COPY_PHASE_STRIP = NO;
				DEBUG_INFORMATION_FORMAT = dwarf;
				ENABLE_STRICT_OBJC_MSGSEND = YES;
				ENABLE_TESTABILITY = YES;
				ENABLE_USER_SCRIPT_SANDBOXING = YES;
				GCC_C_LANGUAGE_STANDARD = gnu17;
				GCC_DYNAMIC_NO_PIC = NO;
				GCC_NO_COMMON_BLOCKS = YES;
				GCC_OPTIMIZATION_LEVEL = 0;
				GCC_PREPROCESSOR_DEFINITIONS = (
					"DEBUG=1",
					"$(inherited)",
				);
				GCC_WARN_64_TO_32_BIT_CONVERSION = YES;
				GCC_WARN_ABOUT_RETURN_TYPE = YES_ERROR;
				GCC_WARN_UNDECLARED_SELECTOR = YES;
				GCC_WARN_UNINITIALIZED_AUTOS = YES_AGGRESSIVE;
				GCC_WARN_UNUSED_FUNCTION = YES;
				GCC_WARN_UNUSED_VARIABLE = YES;
				IPHONEOS_DEPLOYMENT_TARGET = 17.0;
				LOCALIZATION_PREFERS_STRING_CATALOGS = YES;
				MTL_ENABLE_DEBUG_INFO = INCLUDE_SOURCE;
				MTL_FAST_MATH = YES;
				ONLY_ACTIVE_ARCH = YES;
				SDKROOT = iphoneos;
				SWIFT_ACTIVE_COMPILATION_CONDITIONS = "DEBUG $(inherited)";
				SWIFT_OPTIMIZATION_LEVEL = "-Onone";
			};
			name = Debug;
		};
		204BCB002B052C7B00153937 /* Release */ = {
			isa = XCBuildConfiguration;
			buildSettings = {
				ALWAYS_SEARCH_USER_PATHS = NO;
				ASSETCATALOG_COMPILER_GENERATE_SWIFT_ASSET_SYMBOL_EXTENSIONS = YES;
				CLANG_ANALYZER_NONNULL = YES;
				CLANG_ANALYZER_NUMBER_OBJECT_CONVERSION = YES_AGGRESSIVE;
				CLANG_CXX_LANGUAGE_STANDARD = "gnu++20";
				CLANG_ENABLE_MODULES = YES;
				CLANG_ENABLE_OBJC_ARC = YES;
				CLANG_ENABLE_OBJC_WEAK = YES;
				CLANG_WARN_BLOCK_CAPTURE_AUTORELEASING = YES;
				CLANG_WARN_BOOL_CONVERSION = YES;
				CLANG_WARN_COMMA = YES;
				CLANG_WARN_CONSTANT_CONVERSION = YES;
				CLANG_WARN_DEPRECATED_OBJC_IMPLEMENTATIONS = YES;
				CLANG_WARN_DIRECT_OBJC_ISA_USAGE = YES_ERROR;
				CLANG_WARN_DOCUMENTATION_COMMENTS = YES;
				CLANG_WARN_EMPTY_BODY = YES;
				CLANG_WARN_ENUM_CONVERSION = YES;
				CLANG_WARN_INFINITE_RECURSION = YES;
				CLANG_WARN_INT_CONVERSION = YES;
				CLANG_WARN_NON_LITERAL_NULL_CONVERSION = YES;
				CLANG_WARN_OBJC_IMPLICIT_RETAIN_SELF = YES;
				CLANG_WARN_OBJC_LITERAL_CONVERSION = YES;
				CLANG_WARN_OBJC_ROOT_CLASS = YES_ERROR;
				CLANG_WARN_QUOTED_INCLUDE_IN_FRAMEWORK_HEADER = YES;
				CLANG_WARN_RANGE_LOOP_ANALYSIS = YES;
				CLANG_WARN_STRICT_PROTOTYPES = YES;
				CLANG_WARN_SUSPICIOUS_MOVE = YES;
				CLANG_WARN_UNGUARDED_AVAILABILITY = YES_AGGRESSIVE;
				CLANG_WARN_UNREACHABLE_CODE = YES;
				CLANG_WARN__DUPLICATE_METHOD_MATCH = YES;
				COPY_PHASE_STRIP = NO;
				DEBUG_INFORMATION_FORMAT = "dwarf-with-dsym";
				ENABLE_NS_ASSERTIONS = NO;
				ENABLE_STRICT_OBJC_MSGSEND = YES;
				ENABLE_USER_SCRIPT_SANDBOXING = YES;
				GCC_C_LANGUAGE_STANDARD = gnu17;
				GCC_NO_COMMON_BLOCKS = YES;
				GCC_WARN_64_TO_32_BIT_CONVERSION = YES;
				GCC_WARN_ABOUT_RETURN_TYPE = YES_ERROR;
				GCC_WARN_UNDECLARED_SELECTOR = YES;
				GCC_WARN_UNINITIALIZED_AUTOS = YES_AGGRESSIVE;
				GCC_WARN_UNUSED_FUNCTION = YES;
				GCC_WARN_UNUSED_VARIABLE = YES;
				IPHONEOS_DEPLOYMENT_TARGET = 17.0;
				LOCALIZATION_PREFERS_STRING_CATALOGS = YES;
				MTL_ENABLE_DEBUG_INFO = NO;
				MTL_FAST_MATH = YES;
				SDKROOT = iphoneos;
				SWIFT_COMPILATION_MODE = wholemodule;
				VALIDATE_PRODUCT = YES;
			};
			name = Release;
		};
		204BCB022B052C7B00153937 /* Debug */ = {
			isa = XCBuildConfiguration;
			baseConfigurationReference = F7AB55537342F715F9950E59 /* Pods-iOS-Straightforward.debug.xcconfig */;
			buildSettings = {
				ASSETCATALOG_COMPILER_APPICON_NAME = AppIcon;
				ASSETCATALOG_COMPILER_GLOBAL_ACCENT_COLOR_NAME = AccentColor;
				CODE_SIGN_STYLE = Automatic;
				CURRENT_PROJECT_VERSION = 1;
				DEVELOPMENT_TEAM = 4HALU46U6T;
				ENABLE_USER_SCRIPT_SANDBOXING = NO;
				GENERATE_INFOPLIST_FILE = YES;
				INFOPLIST_FILE = "iOS-Straightforward/Info.plist";
				INFOPLIST_KEY_LSApplicationCategoryType = "public.app-category.finance";
				INFOPLIST_KEY_UIApplicationSupportsIndirectInputEvents = YES;
				INFOPLIST_KEY_UILaunchStoryboardName = LaunchScreen;
				INFOPLIST_KEY_UIMainStoryboardFile = Main;
				INFOPLIST_KEY_UISupportedInterfaceOrientations = UIInterfaceOrientationPortrait;
				IPHONEOS_DEPLOYMENT_TARGET = 14.0;
				LD_RUNPATH_SEARCH_PATHS = (
					"$(inherited)",
					"@executable_path/Frameworks",
				);
				MARKETING_VERSION = 1.0;
				PRODUCT_BUNDLE_IDENTIFIER = "com.incode.iOS-Straightforward";
				PRODUCT_NAME = "$(TARGET_NAME)";
				SUPPORTED_PLATFORMS = "iphoneos iphonesimulator";
				SUPPORTS_MACCATALYST = NO;
				SUPPORTS_MAC_DESIGNED_FOR_IPHONE_IPAD = NO;
				SWIFT_EMIT_LOC_STRINGS = YES;
				SWIFT_VERSION = 5.0;
				TARGETED_DEVICE_FAMILY = 1;
			};
			name = Debug;
		};
		204BCB032B052C7B00153937 /* Release */ = {
			isa = XCBuildConfiguration;
			baseConfigurationReference = 1496F103179B0D5302D059D2 /* Pods-iOS-Straightforward.release.xcconfig */;
			buildSettings = {
				ASSETCATALOG_COMPILER_APPICON_NAME = AppIcon;
				ASSETCATALOG_COMPILER_GLOBAL_ACCENT_COLOR_NAME = AccentColor;
				CODE_SIGN_STYLE = Automatic;
				CURRENT_PROJECT_VERSION = 1;
				DEVELOPMENT_TEAM = 4HALU46U6T;
				ENABLE_USER_SCRIPT_SANDBOXING = NO;
				GENERATE_INFOPLIST_FILE = YES;
				INFOPLIST_FILE = "iOS-Straightforward/Info.plist";
				INFOPLIST_KEY_LSApplicationCategoryType = "public.app-category.finance";
				INFOPLIST_KEY_UIApplicationSupportsIndirectInputEvents = YES;
				INFOPLIST_KEY_UILaunchStoryboardName = LaunchScreen;
				INFOPLIST_KEY_UIMainStoryboardFile = Main;
				INFOPLIST_KEY_UISupportedInterfaceOrientations = UIInterfaceOrientationPortrait;
				IPHONEOS_DEPLOYMENT_TARGET = 14.0;
				LD_RUNPATH_SEARCH_PATHS = (
					"$(inherited)",
					"@executable_path/Frameworks",
				);
				MARKETING_VERSION = 1.0;
				PRODUCT_BUNDLE_IDENTIFIER = "com.incode.iOS-Straightforward";
				PRODUCT_NAME = "$(TARGET_NAME)";
				SUPPORTED_PLATFORMS = "iphoneos iphonesimulator";
				SUPPORTS_MACCATALYST = NO;
				SUPPORTS_MAC_DESIGNED_FOR_IPHONE_IPAD = NO;
				SWIFT_EMIT_LOC_STRINGS = YES;
				SWIFT_VERSION = 5.0;
				TARGETED_DEVICE_FAMILY = 1;
			};
			name = Release;
		};
/* End XCBuildConfiguration section */

/* Begin XCConfigurationList section */
		204BCAE82B052C7A00153937 /* Build configuration list for PBXProject "iOS-Straightforward" */ = {
			isa = XCConfigurationList;
			buildConfigurations = (
				204BCAFF2B052C7B00153937 /* Debug */,
				204BCB002B052C7B00153937 /* Release */,
			);
			defaultConfigurationIsVisible = 0;
			defaultConfigurationName = Release;
		};
		204BCB012B052C7B00153937 /* Build configuration list for PBXNativeTarget "iOS-Straightforward" */ = {
			isa = XCConfigurationList;
			buildConfigurations = (
				204BCB022B052C7B00153937 /* Debug */,
				204BCB032B052C7B00153937 /* Release */,
			);
			defaultConfigurationIsVisible = 0;
			defaultConfigurationName = Release;
		};
/* End XCConfigurationList section */
	};
	rootObject = 204BCAE52B052C7A00153937 /* Project object */;
}
